
Microsoft Visual Studio Solution File, Format Version 11.00
# Visual Studio 2010
Project("{FAE04EC0-301F-11D3-BF4B-00C04F79EFBC}") = "ReefAngel.Console", "ReefAngel.Console\ReefAngel.Console.csproj", "{2D9C59AC-E31E-41B0-8932-D4A0AEA079C7}"
EndProject
Project("{FAE04EC0-301F-11D3-BF4B-00C04F79EFBC}") = "ReefAngel.iOS", "ReefAngel.iOS\ReefAngel.iOS.csproj", "{78522B26-A353-4D6D-AAD0-6FDC5505C968}"
EndProject
Project("{FAE04EC0-301F-11D3-BF4B-00C04F79EFBC}") = "ReefAngel.Interface", "ReefAngel.Interface\ReefAngel.Interface.csproj", "{12380660-154B-46FF-97F6-5F44141E34C6}"
EndProject
Project("{FAE04EC0-301F-11D3-BF4B-00C04F79EFBC}") = "ReefAngel.Configuration", "ReefAngel.Configuration\ReefAngel.Configuration.csproj", "{76C242B3-858A-44C4-A844-5C75535E7799}"
EndProject
Global
	GlobalSection(SolutionConfigurationPlatforms) = preSolution
		Debug|iPhoneSimulator = Debug|iPhoneSimulator
		Release|iPhoneSimulator = Release|iPhoneSimulator
		Debug|iPhone = Debug|iPhone
		Release|iPhone = Release|iPhone
		Ad-Hoc|iPhone = Ad-Hoc|iPhone
		AppStore|iPhone = AppStore|iPhone
		Debug|Any CPU = Debug|Any CPU
		Release|Any CPU = Release|Any CPU
	EndGlobalSection
	GlobalSection(ProjectConfigurationPlatforms) = postSolution
		{12380660-154B-46FF-97F6-5F44141E34C6}.Ad-Hoc|iPhone.ActiveCfg = Release|Any CPU
		{12380660-154B-46FF-97F6-5F44141E34C6}.Ad-Hoc|iPhone.Build.0 = Release|Any CPU
		{12380660-154B-46FF-97F6-5F44141E34C6}.AppStore|iPhone.ActiveCfg = Release|Any CPU
		{12380660-154B-46FF-97F6-5F44141E34C6}.AppStore|iPhone.Build.0 = Release|Any CPU
		{12380660-154B-46FF-97F6-5F44141E34C6}.Debug|Any CPU.ActiveCfg = Debug|Any CPU
		{12380660-154B-46FF-97F6-5F44141E34C6}.Debug|Any CPU.Build.0 = Debug|Any CPU
		{12380660-154B-46FF-97F6-5F44141E34C6}.Debug|iPhone.ActiveCfg = Debug|Any CPU
		{12380660-154B-46FF-97F6-5F44141E34C6}.Debug|iPhone.Build.0 = Debug|Any CPU
		{12380660-154B-46FF-97F6-5F44141E34C6}.Debug|iPhoneSimulator.ActiveCfg = Debug|Any CPU
		{12380660-154B-46FF-97F6-5F44141E34C6}.Debug|iPhoneSimulator.Build.0 = Debug|Any CPU
		{12380660-154B-46FF-97F6-5F44141E34C6}.Release|Any CPU.ActiveCfg = Release|Any CPU
		{12380660-154B-46FF-97F6-5F44141E34C6}.Release|Any CPU.Build.0 = Release|Any CPU
		{12380660-154B-46FF-97F6-5F44141E34C6}.Release|iPhone.ActiveCfg = Release|Any CPU
		{12380660-154B-46FF-97F6-5F44141E34C6}.Release|iPhone.Build.0 = Release|Any CPU
		{12380660-154B-46FF-97F6-5F44141E34C6}.Release|iPhoneSimulator.ActiveCfg = Release|Any CPU
		{12380660-154B-46FF-97F6-5F44141E34C6}.Release|iPhoneSimulator.Build.0 = Release|Any CPU
		{2D9C59AC-E31E-41B0-8932-D4A0AEA079C7}.Ad-Hoc|iPhone.ActiveCfg = Release|Any CPU
		{2D9C59AC-E31E-41B0-8932-D4A0AEA079C7}.Ad-Hoc|iPhone.Build.0 = Release|Any CPU
		{2D9C59AC-E31E-41B0-8932-D4A0AEA079C7}.AppStore|iPhone.ActiveCfg = Release|Any CPU
		{2D9C59AC-E31E-41B0-8932-D4A0AEA079C7}.AppStore|iPhone.Build.0 = Release|Any CPU
		{2D9C59AC-E31E-41B0-8932-D4A0AEA079C7}.Debug|Any CPU.ActiveCfg = Debug|Any CPU
		{2D9C59AC-E31E-41B0-8932-D4A0AEA079C7}.Debug|Any CPU.Build.0 = Debug|Any CPU
		{2D9C59AC-E31E-41B0-8932-D4A0AEA079C7}.Debug|iPhone.ActiveCfg = Debug|Any CPU
		{2D9C59AC-E31E-41B0-8932-D4A0AEA079C7}.Debug|iPhone.Build.0 = Debug|Any CPU
		{2D9C59AC-E31E-41B0-8932-D4A0AEA079C7}.Debug|iPhoneSimulator.ActiveCfg = Debug|Any CPU
		{2D9C59AC-E31E-41B0-8932-D4A0AEA079C7}.Debug|iPhoneSimulator.Build.0 = Debug|Any CPU
		{2D9C59AC-E31E-41B0-8932-D4A0AEA079C7}.Release|Any CPU.ActiveCfg = Release|Any CPU
		{2D9C59AC-E31E-41B0-8932-D4A0AEA079C7}.Release|Any CPU.Build.0 = Release|Any CPU
		{2D9C59AC-E31E-41B0-8932-D4A0AEA079C7}.Release|iPhone.ActiveCfg = Release|Any CPU
		{2D9C59AC-E31E-41B0-8932-D4A0AEA079C7}.Release|iPhone.Build.0 = Release|Any CPU
		{2D9C59AC-E31E-41B0-8932-D4A0AEA079C7}.Release|iPhoneSimulator.ActiveCfg = Release|Any CPU
		{2D9C59AC-E31E-41B0-8932-D4A0AEA079C7}.Release|iPhoneSimulator.Build.0 = Release|Any CPU
		{76C242B3-858A-44C4-A844-5C75535E7799}.Ad-Hoc|iPhone.ActiveCfg = Release|Any CPU
		{76C242B3-858A-44C4-A844-5C75535E7799}.Ad-Hoc|iPhone.Build.0 = Release|Any CPU
		{76C242B3-858A-44C4-A844-5C75535E7799}.AppStore|iPhone.ActiveCfg = Release|Any CPU
		{76C242B3-858A-44C4-A844-5C75535E7799}.AppStore|iPhone.Build.0 = Release|Any CPU
		{76C242B3-858A-44C4-A844-5C75535E7799}.Debug|Any CPU.ActiveCfg = Debug|Any CPU
		{76C242B3-858A-44C4-A844-5C75535E7799}.Debug|Any CPU.Build.0 = Debug|Any CPU
		{76C242B3-858A-44C4-A844-5C75535E7799}.Debug|iPhone.ActiveCfg = Debug|Any CPU
		{76C242B3-858A-44C4-A844-5C75535E7799}.Debug|iPhone.Build.0 = Debug|Any CPU
		{76C242B3-858A-44C4-A844-5C75535E7799}.Debug|iPhoneSimulator.ActiveCfg = Debug|Any CPU
		{76C242B3-858A-44C4-A844-5C75535E7799}.Debug|iPhoneSimulator.Build.0 = Debug|Any CPU
		{76C242B3-858A-44C4-A844-5C75535E7799}.Release|Any CPU.ActiveCfg = Release|Any CPU
		{76C242B3-858A-44C4-A844-5C75535E7799}.Release|Any CPU.Build.0 = Release|Any CPU
		{76C242B3-858A-44C4-A844-5C75535E7799}.Release|iPhone.ActiveCfg = Release|Any CPU
		{76C242B3-858A-44C4-A844-5C75535E7799}.Release|iPhone.Build.0 = Release|Any CPU
		{76C242B3-858A-44C4-A844-5C75535E7799}.Release|iPhoneSimulator.ActiveCfg = Release|Any CPU
		{76C242B3-858A-44C4-A844-5C75535E7799}.Release|iPhoneSimulator.Build.0 = Release|Any CPU
		{78522B26-A353-4D6D-AAD0-6FDC5505C968}.Ad-Hoc|iPhone.ActiveCfg = Ad-Hoc|iPhone
		{78522B26-A353-4D6D-AAD0-6FDC5505C968}.Ad-Hoc|iPhone.Build.0 = Ad-Hoc|iPhone
		{78522B26-A353-4D6D-AAD0-6FDC5505C968}.AppStore|iPhone.ActiveCfg = AppStore|iPhone
		{78522B26-A353-4D6D-AAD0-6FDC5505C968}.AppStore|iPhone.Build.0 = AppStore|iPhone
		{78522B26-A353-4D6D-AAD0-6FDC5505C968}.Debug|Any CPU.ActiveCfg = Debug|iPhoneSimulator
		{78522B26-A353-4D6D-AAD0-6FDC5505C968}.Debug|Any CPU.Build.0 = Debug|iPhoneSimulator
		{78522B26-A353-4D6D-AAD0-6FDC5505C968}.Debug|iPhone.ActiveCfg = Debug|iPhone
		{78522B26-A353-4D6D-AAD0-6FDC5505C968}.Debug|iPhone.Build.0 = Debug|iPhone
		{78522B26-A353-4D6D-AAD0-6FDC5505C968}.Debug|iPhoneSimulator.ActiveCfg = Debug|iPhoneSimulator
		{78522B26-A353-4D6D-AAD0-6FDC5505C968}.Debug|iPhoneSimulator.Build.0 = Debug|iPhoneSimulator
		{78522B26-A353-4D6D-AAD0-6FDC5505C968}.Release|Any CPU.ActiveCfg = Release|iPhoneSimulator
		{78522B26-A353-4D6D-AAD0-6FDC5505C968}.Release|Any CPU.Build.0 = Release|iPhoneSimulator
		{78522B26-A353-4D6D-AAD0-6FDC5505C968}.Release|iPhone.ActiveCfg = Release|iPhone
		{78522B26-A353-4D6D-AAD0-6FDC5505C968}.Release|iPhone.Build.0 = Release|iPhone
		{78522B26-A353-4D6D-AAD0-6FDC5505C968}.Release|iPhoneSimulator.ActiveCfg = Release|iPhoneSimulator
		{78522B26-A353-4D6D-AAD0-6FDC5505C968}.Release|iPhoneSimulator.Build.0 = Release|iPhoneSimulator
	EndGlobalSection
	GlobalSection(MonoDevelopProperties) = preSolution
		StartupItem = ReefAngel.iOS\ReefAngel.iOS.csproj
		Policies = $0
		$0.DotNetNamingPolicy = $1
		$1.DirectoryNamespaceAssociation = None
		$1.ResourceNamePolicy = FileFormatDefault
		$0.TextStylePolicy = $2
		$2.inheritsSet = VisualStudio
		$2.inheritsScope = text/plain
		$2.scope = text/x-csharp
		$0.CSharpFormattingPolicy = $3
		$3.IndentSwitchBody = True
		$3.AnonymousMethodBraceStyle = NextLine
		$3.PropertyBraceStyle = NextLine
		$3.PropertyGetBraceStyle = NextLine
		$3.PropertySetBraceStyle = NextLine
		$3.EventBraceStyle = NextLine
		$3.EventAddBraceStyle = NextLine
		$3.EventRemoveBraceStyle = NextLine
		$3.StatementBraceStyle = NextLine
		$3.ElseNewLinePlacement = NewLine
		$3.CatchNewLinePlacement = NewLine
		$3.FinallyNewLinePlacement = NewLine
		$3.WhileNewLinePlacement = DoNotCare
		$3.ArrayInitializerWrapping = DoNotChange
		$3.ArrayInitializerBraceStyle = NextLine
		$3.BeforeMethodDeclarationParentheses = False
		$3.BeforeMethodCallParentheses = False
		$3.BeforeConstructorDeclarationParentheses = False
		$3.BeforeDelegateDeclarationParentheses = False
		$3.NewParentheses = False
		$3.SpacesBeforeBrackets = False
		$3.inheritsSet = Mono
		$3.inheritsScope = text/x-csharp
		$3.scope = text/x-csharp
		$0.TextStylePolicy = $4
		$4.inheritsSet = VisualStudio
		$4.inheritsScope = text/plain
		$4.scope = text/plain
		$0.TextStylePolicy = $5
		$5.inheritsSet = VisualStudio
		$5.inheritsScope = text/plain
		$5.scope = application/vnd.apple-interface-builder
		$0.XmlFormattingPolicy = $6
		$6.inheritsSet = Mono
		$6.inheritsScope = application/xml
		$6.scope = application/vnd.apple-interface-builder
		$0.TextStylePolicy = $7
		$7.inheritsSet = VisualStudio
		$7.inheritsScope = text/plain
		$7.scope = application/xml
		$0.XmlFormattingPolicy = $8
		$8.inheritsSet = Mono
		$8.inheritsScope = application/xml
		$8.scope = application/xml
	EndGlobalSection
EndGlobal
